
Microsoft Visual Studio Solution File, Format Version 12.00
# Visual Studio Version 17
VisualStudioVersion = 17.7.34202.233
MinimumVisualStudioVersion = 10.0.40219.1
Project("{FAE04EC0-301F-11D3-BF4B-00C04F79EFBC}") = "SnuggleHub", "SnuggleHub_Shelter2\SnuggleHub.csproj", "{B5E6CD6E-7EDC-4983-8C81-DF856DCFBEF9}"
EndProject
Project("{2150E333-8FDC-42A3-9474-1A3956D46DE8}") = "Solution Items", "Solution Items", "{53ABEEFB-3FFB-4AA5-8BC4-C3B025DFBC10}"
	ProjectSection(SolutionItems) = preProject
		.editorconfig = .editorconfig
	EndProjectSection
EndProject
Global
	GlobalSection(SolutionConfigurationPlatforms) = preSolution
		Debug|Any CPU = Debug|Any CPU
		Release|Any CPU = Release|Any CPU
	EndGlobalSection
	GlobalSection(ProjectConfigurationPlatforms) = postSolution
		{B5E6CD6E-7EDC-4983-8C81-DF856DCFBEF9}.Debug|Any CPU.ActiveCfg = Debug|Any CPU
		{B5E6CD6E-7EDC-4983-8C81-DF856DCFBEF9}.Debug|Any CPU.Build.0 = Debug|Any CPU
		{B5E6CD6E-7EDC-4983-8C81-DF856DCFBEF9}.Release|Any CPU.ActiveCfg = Release|Any CPU
		{B5E6CD6E-7EDC-4983-8C81-DF856DCFBEF9}.Release|Any CPU.Build.0 = Release|Any CPU
	EndGlobalSection
	GlobalSection(SolutionProperties) = preSolution
		HideSolutionNode = FALSE
	EndGlobalSection
	GlobalSection(ExtensibilityGlobals) = postSolution
		SolutionGuid = {D6E94DE3-42CF-4B20-A1DD-F08820E8DF9A}
	EndGlobalSection
EndGlobal
